
Microsoft Visual Studio Solution File, Format Version 12.00
# Visual Studio Version 16
VisualStudioVersion = 16.0.31727.386
MinimumVisualStudioVersion = 10.0.40219.1
Project("{FAE04EC0-301F-11D3-BF4B-00C04F79EFBC}") = "PBv1", "PBv1\PBv1.csproj", "{9D246877-DBFC-46F8-AD28-26CAC2CB4C55}"
EndProject
Global
	GlobalSection(SolutionConfigurationPlatforms) = preSolution
		Debug|Any CPU = Debug|Any CPU
		Release|Any CPU = Release|Any CPU
	EndGlobalSection
	GlobalSection(ProjectConfigurationPlatforms) = postSolution
		{9D246877-DBFC-46F8-AD28-26CAC2CB4C55}.Debug|Any CPU.ActiveCfg = Debug|Any CPU
		{9D246877-DBFC-46F8-AD28-26CAC2CB4C55}.Debug|Any CPU.Build.0 = Debug|Any CPU
		{9D246877-DBFC-46F8-AD28-26CAC2CB4C55}.Release|Any CPU.ActiveCfg = Release|Any CPU
		{9D246877-DBFC-46F8-AD28-26CAC2CB4C55}.Release|Any CPU.Build.0 = Release|Any CPU
	EndGlobalSection
	GlobalSection(SolutionProperties) = preSolution
		HideSolutionNode = FALSE
	EndGlobalSection
	GlobalSection(ExtensibilityGlobals) = postSolution
		SolutionGuid = {623E02A9-FD8F-4EE1-9014-7A9D33003536}
	EndGlobalSection
EndGlobal
